
Microsoft Visual Studio Solution File, Format Version 12.00
# Visual Studio Version 17
VisualStudioVersion = 17.0.31903.59
MinimumVisualStudioVersion = 10.0.40219.1
Project("{2150E333-8FDC-42A3-9474-1A3956D46DE8}") = "csharp-prep", "csharp-prep", "{663279AA-6437-44C9-93B2-549DE261589E}"
EndProject
Project("{FAE04EC0-301F-11D3-BF4B-00C04F79EFBC}") = "Prep1", "csharp-prep\Prep1\Prep1.csproj", "{D4E51165-B1F1-44E8-8160-7B6F2C7D20E9}"
EndProject
Project("{FAE04EC0-301F-11D3-BF4B-00C04F79EFBC}") = "Prep2", "csharp-prep\Prep2\Prep2.csproj", "{CD64F43F-9ACF-4D8D-A39E-EB5C53E395FC}"
EndProject
Project("{FAE04EC0-301F-11D3-BF4B-00C04F79EFBC}") = "Prep3", "csharp-prep\Prep3\Prep3.csproj", "{59A69524-BAA4-4D6D-9D57-296C4D8E8F6A}"
EndProject
Project("{FAE04EC0-301F-11D3-BF4B-00C04F79EFBC}") = "Prep4", "csharp-prep\Prep4\Prep4.csproj", "{46ED6348-1C65-41CC-AD81-7DEDF36B7E8B}"
EndProject
Project("{FAE04EC0-301F-11D3-BF4B-00C04F79EFBC}") = "Prep5", "csharp-prep\Prep5\Prep5.csproj", "{7AD4BB20-4A35-45B8-BB38-33D4E352F11B}"
EndProject
Project("{2150E333-8FDC-42A3-9474-1A3956D46DE8}") = "final", "final", "{33C7AC3B-1854-43D2-A96B-CFE7BBE10131}"
EndProject
Project("{FAE04EC0-301F-11D3-BF4B-00C04F79EFBC}") = "FinalProject", "final\FinalProject\FinalProject.csproj", "{74444D86-CEAA-4F67-BE09-50AB87721CDB}"
EndProject
Project("{2150E333-8FDC-42A3-9474-1A3956D46DE8}") = "FinalProject", "FinalProject", "{95B9C7F7-CF71-43DC-8622-026373C04573}"
EndProject
Project("{FAE04EC0-301F-11D3-BF4B-00C04F79EFBC}") = "EternalQuest", "FinalProject\EternalQuest\EternalQuest.csproj", "{33749B73-E8C1-471B-9A6E-0880F69B4F7D}"
EndProject
Project("{2150E333-8FDC-42A3-9474-1A3956D46DE8}") = "prepare", "prepare", "{B980CC2A-99D0-4B64-BF97-184C90542EFC}"
EndProject
Project("{FAE04EC0-301F-11D3-BF4B-00C04F79EFBC}") = "Learning02", "prepare\Learning02\Learning02.csproj", "{3BBC65DB-87C3-4227-8A4B-1E46A18202AD}"
EndProject
Project("{FAE04EC0-301F-11D3-BF4B-00C04F79EFBC}") = "Learning03", "prepare\Learning03\Learning03.csproj", "{0D6F4094-1099-4246-8641-0306B156F6E7}"
EndProject
Project("{FAE04EC0-301F-11D3-BF4B-00C04F79EFBC}") = "Learning04", "prepare\Learning04\Learning04.csproj", "{69DE7D62-4330-4273-BEA4-ADA6E00E8279}"
EndProject
Project("{FAE04EC0-301F-11D3-BF4B-00C04F79EFBC}") = "Learning05", "prepare\Learning05\Learning05.csproj", "{262E2B22-A898-4F6A-AB94-DB247BEFCC9A}"
EndProject
Project("{2150E333-8FDC-42A3-9474-1A3956D46DE8}") = "prove", "prove", "{8B4C8158-A3FC-48C2-9853-160A924B21EC}"
EndProject
Project("{FAE04EC0-301F-11D3-BF4B-00C04F79EFBC}") = "Develop02", "prove\Develop02\Develop02.csproj", "{EA87AFEA-1F51-44E6-AC7A-DCA53A0D3FEB}"
EndProject
Project("{FAE04EC0-301F-11D3-BF4B-00C04F79EFBC}") = "Develop03", "prove\Develop03\Develop03.csproj", "{1816F0D7-8687-4D88-9519-A24E8B195975}"
EndProject
Project("{FAE04EC0-301F-11D3-BF4B-00C04F79EFBC}") = "Develop04", "prove\Develop04\Develop04.csproj", "{F88EC800-9FF8-499A-B352-01F65C9A78B1}"
EndProject
Project("{2150E333-8FDC-42A3-9474-1A3956D46DE8}") = "sandbox", "sandbox", "{8C284124-064E-4B54-80F4-B22E8B63F946}"
EndProject
Project("{FAE04EC0-301F-11D3-BF4B-00C04F79EFBC}") = "Sandbox", "sandbox\Sandbox\Sandbox.csproj", "{3732E6B3-EAB5-4E26-BE20-8768BEEE8914}"
EndProject
Project("{2150E333-8FDC-42A3-9474-1A3956D46DE8}") = "Foundation1", "Foundation1", "{6EB01473-7C86-4587-A6A2-AC2149A3CDAB}"
EndProject
Project("{FAE04EC0-301F-11D3-BF4B-00C04F79EFBC}") = "Video", "final\Foundation1\01-Video\Video.csproj", "{47CCD240-3F4B-4908-9873-BFA8C613EC0E}"
EndProject
Project("{2150E333-8FDC-42A3-9474-1A3956D46DE8}") = "Foundation2", "Foundation2", "{A8D40B35-D254-4CA4-9869-949FCEEB12DD}"
EndProject
Project("{FAE04EC0-301F-11D3-BF4B-00C04F79EFBC}") = "Shipping", "final\Foundation2\02-Shipping\Shipping.csproj", "{55D3082F-9D27-43B0-A215-EEB2526B4021}"
EndProject
Project("{2150E333-8FDC-42A3-9474-1A3956D46DE8}") = "Foundation3", "Foundation3", "{2DA4C222-079D-4689-89D2-5E31F29F4B34}"
EndProject
Project("{FAE04EC0-301F-11D3-BF4B-00C04F79EFBC}") = "Planner", "final\Foundation3\03-Planner\Planner.csproj", "{E387459F-672B-4B2C-B4F7-3992EEE95142}"
EndProject
Project("{2150E333-8FDC-42A3-9474-1A3956D46DE8}") = "Foundation4", "Foundation4", "{6BDB23A7-A222-409F-9746-EA4E4BDE5AA8}"
EndProject
Project("{FAE04EC0-301F-11D3-BF4B-00C04F79EFBC}") = "Exercise", "final\Foundation4\04-Exercise\Exercise.csproj", "{56093067-BF69-43E6-8FB9-433B8FF5A7AB}"
EndProject
Global
	GlobalSection(SolutionConfigurationPlatforms) = preSolution
		Debug|Any CPU = Debug|Any CPU
		Release|Any CPU = Release|Any CPU
	EndGlobalSection
	GlobalSection(SolutionProperties) = preSolution
		HideSolutionNode = FALSE
	EndGlobalSection
	GlobalSection(ProjectConfigurationPlatforms) = postSolution
		{D4E51165-B1F1-44E8-8160-7B6F2C7D20E9}.Debug|Any CPU.ActiveCfg = Debug|Any CPU
		{D4E51165-B1F1-44E8-8160-7B6F2C7D20E9}.Debug|Any CPU.Build.0 = Debug|Any CPU
		{D4E51165-B1F1-44E8-8160-7B6F2C7D20E9}.Release|Any CPU.ActiveCfg = Release|Any CPU
		{D4E51165-B1F1-44E8-8160-7B6F2C7D20E9}.Release|Any CPU.Build.0 = Release|Any CPU
		{CD64F43F-9ACF-4D8D-A39E-EB5C53E395FC}.Debug|Any CPU.ActiveCfg = Debug|Any CPU
		{CD64F43F-9ACF-4D8D-A39E-EB5C53E395FC}.Debug|Any CPU.Build.0 = Debug|Any CPU
		{CD64F43F-9ACF-4D8D-A39E-EB5C53E395FC}.Release|Any CPU.ActiveCfg = Release|Any CPU
		{CD64F43F-9ACF-4D8D-A39E-EB5C53E395FC}.Release|Any CPU.Build.0 = Release|Any CPU
		{59A69524-BAA4-4D6D-9D57-296C4D8E8F6A}.Debug|Any CPU.ActiveCfg = Debug|Any CPU
		{59A69524-BAA4-4D6D-9D57-296C4D8E8F6A}.Debug|Any CPU.Build.0 = Debug|Any CPU
		{59A69524-BAA4-4D6D-9D57-296C4D8E8F6A}.Release|Any CPU.ActiveCfg = Release|Any CPU
		{59A69524-BAA4-4D6D-9D57-296C4D8E8F6A}.Release|Any CPU.Build.0 = Release|Any CPU
		{46ED6348-1C65-41CC-AD81-7DEDF36B7E8B}.Debug|Any CPU.ActiveCfg = Debug|Any CPU
		{46ED6348-1C65-41CC-AD81-7DEDF36B7E8B}.Debug|Any CPU.Build.0 = Debug|Any CPU
		{46ED6348-1C65-41CC-AD81-7DEDF36B7E8B}.Release|Any CPU.ActiveCfg = Release|Any CPU
		{46ED6348-1C65-41CC-AD81-7DEDF36B7E8B}.Release|Any CPU.Build.0 = Release|Any CPU
		{7AD4BB20-4A35-45B8-BB38-33D4E352F11B}.Debug|Any CPU.ActiveCfg = Debug|Any CPU
		{7AD4BB20-4A35-45B8-BB38-33D4E352F11B}.Debug|Any CPU.Build.0 = Debug|Any CPU
		{7AD4BB20-4A35-45B8-BB38-33D4E352F11B}.Release|Any CPU.ActiveCfg = Release|Any CPU
		{7AD4BB20-4A35-45B8-BB38-33D4E352F11B}.Release|Any CPU.Build.0 = Release|Any CPU
		{74444D86-CEAA-4F67-BE09-50AB87721CDB}.Debug|Any CPU.ActiveCfg = Debug|Any CPU
		{74444D86-CEAA-4F67-BE09-50AB87721CDB}.Debug|Any CPU.Build.0 = Debug|Any CPU
		{74444D86-CEAA-4F67-BE09-50AB87721CDB}.Release|Any CPU.ActiveCfg = Release|Any CPU
		{74444D86-CEAA-4F67-BE09-50AB87721CDB}.Release|Any CPU.Build.0 = Release|Any CPU
		{33749B73-E8C1-471B-9A6E-0880F69B4F7D}.Debug|Any CPU.ActiveCfg = Debug|Any CPU
		{33749B73-E8C1-471B-9A6E-0880F69B4F7D}.Debug|Any CPU.Build.0 = Debug|Any CPU
		{33749B73-E8C1-471B-9A6E-0880F69B4F7D}.Release|Any CPU.ActiveCfg = Release|Any CPU
		{33749B73-E8C1-471B-9A6E-0880F69B4F7D}.Release|Any CPU.Build.0 = Release|Any CPU
		{3BBC65DB-87C3-4227-8A4B-1E46A18202AD}.Debug|Any CPU.ActiveCfg = Debug|Any CPU
		{3BBC65DB-87C3-4227-8A4B-1E46A18202AD}.Debug|Any CPU.Build.0 = Debug|Any CPU
		{3BBC65DB-87C3-4227-8A4B-1E46A18202AD}.Release|Any CPU.ActiveCfg = Release|Any CPU
		{3BBC65DB-87C3-4227-8A4B-1E46A18202AD}.Release|Any CPU.Build.0 = Release|Any CPU
		{0D6F4094-1099-4246-8641-0306B156F6E7}.Debug|Any CPU.ActiveCfg = Debug|Any CPU
		{0D6F4094-1099-4246-8641-0306B156F6E7}.Debug|Any CPU.Build.0 = Debug|Any CPU
		{0D6F4094-1099-4246-8641-0306B156F6E7}.Release|Any CPU.ActiveCfg = Release|Any CPU
		{0D6F4094-1099-4246-8641-0306B156F6E7}.Release|Any CPU.Build.0 = Release|Any CPU
		{69DE7D62-4330-4273-BEA4-ADA6E00E8279}.Debug|Any CPU.ActiveCfg = Debug|Any CPU
		{69DE7D62-4330-4273-BEA4-ADA6E00E8279}.Debug|Any CPU.Build.0 = Debug|Any CPU
		{69DE7D62-4330-4273-BEA4-ADA6E00E8279}.Release|Any CPU.ActiveCfg = Release|Any CPU
		{69DE7D62-4330-4273-BEA4-ADA6E00E8279}.Release|Any CPU.Build.0 = Release|Any CPU
		{262E2B22-A898-4F6A-AB94-DB247BEFCC9A}.Debug|Any CPU.ActiveCfg = Debug|Any CPU
		{262E2B22-A898-4F6A-AB94-DB247BEFCC9A}.Debug|Any CPU.Build.0 = Debug|Any CPU
		{262E2B22-A898-4F6A-AB94-DB247BEFCC9A}.Release|Any CPU.ActiveCfg = Release|Any CPU
		{262E2B22-A898-4F6A-AB94-DB247BEFCC9A}.Release|Any CPU.Build.0 = Release|Any CPU
		{EA87AFEA-1F51-44E6-AC7A-DCA53A0D3FEB}.Debug|Any CPU.ActiveCfg = Debug|Any CPU
		{EA87AFEA-1F51-44E6-AC7A-DCA53A0D3FEB}.Debug|Any CPU.Build.0 = Debug|Any CPU
		{EA87AFEA-1F51-44E6-AC7A-DCA53A0D3FEB}.Release|Any CPU.ActiveCfg = Release|Any CPU
		{EA87AFEA-1F51-44E6-AC7A-DCA53A0D3FEB}.Release|Any CPU.Build.0 = Release|Any CPU
		{1816F0D7-8687-4D88-9519-A24E8B195975}.Debug|Any CPU.ActiveCfg = Debug|Any CPU
		{1816F0D7-8687-4D88-9519-A24E8B195975}.Debug|Any CPU.Build.0 = Debug|Any CPU
		{1816F0D7-8687-4D88-9519-A24E8B195975}.Release|Any CPU.ActiveCfg = Release|Any CPU
		{1816F0D7-8687-4D88-9519-A24E8B195975}.Release|Any CPU.Build.0 = Release|Any CPU
		{F88EC800-9FF8-499A-B352-01F65C9A78B1}.Debug|Any CPU.ActiveCfg = Debug|Any CPU
		{F88EC800-9FF8-499A-B352-01F65C9A78B1}.Debug|Any CPU.Build.0 = Debug|Any CPU
		{F88EC800-9FF8-499A-B352-01F65C9A78B1}.Release|Any CPU.ActiveCfg = Release|Any CPU
		{F88EC800-9FF8-499A-B352-01F65C9A78B1}.Release|Any CPU.Build.0 = Release|Any CPU
		{3732E6B3-EAB5-4E26-BE20-8768BEEE8914}.Debug|Any CPU.ActiveCfg = Debug|Any CPU
		{3732E6B3-EAB5-4E26-BE20-8768BEEE8914}.Debug|Any CPU.Build.0 = Debug|Any CPU
		{3732E6B3-EAB5-4E26-BE20-8768BEEE8914}.Release|Any CPU.ActiveCfg = Release|Any CPU
		{3732E6B3-EAB5-4E26-BE20-8768BEEE8914}.Release|Any CPU.Build.0 = Release|Any CPU
		{47CCD240-3F4B-4908-9873-BFA8C613EC0E}.Debug|Any CPU.ActiveCfg = Debug|Any CPU
		{47CCD240-3F4B-4908-9873-BFA8C613EC0E}.Debug|Any CPU.Build.0 = Debug|Any CPU
		{47CCD240-3F4B-4908-9873-BFA8C613EC0E}.Release|Any CPU.ActiveCfg = Release|Any CPU
		{47CCD240-3F4B-4908-9873-BFA8C613EC0E}.Release|Any CPU.Build.0 = Release|Any CPU
		{55D3082F-9D27-43B0-A215-EEB2526B4021}.Debug|Any CPU.ActiveCfg = Debug|Any CPU
		{55D3082F-9D27-43B0-A215-EEB2526B4021}.Debug|Any CPU.Build.0 = Debug|Any CPU
		{55D3082F-9D27-43B0-A215-EEB2526B4021}.Release|Any CPU.ActiveCfg = Release|Any CPU
		{55D3082F-9D27-43B0-A215-EEB2526B4021}.Release|Any CPU.Build.0 = Release|Any CPU
		{E387459F-672B-4B2C-B4F7-3992EEE95142}.Debug|Any CPU.ActiveCfg = Debug|Any CPU
		{E387459F-672B-4B2C-B4F7-3992EEE95142}.Debug|Any CPU.Build.0 = Debug|Any CPU
		{E387459F-672B-4B2C-B4F7-3992EEE95142}.Release|Any CPU.ActiveCfg = Release|Any CPU
		{E387459F-672B-4B2C-B4F7-3992EEE95142}.Release|Any CPU.Build.0 = Release|Any CPU
		{56093067-BF69-43E6-8FB9-433B8FF5A7AB}.Debug|Any CPU.ActiveCfg = Debug|Any CPU
		{56093067-BF69-43E6-8FB9-433B8FF5A7AB}.Debug|Any CPU.Build.0 = Debug|Any CPU
		{56093067-BF69-43E6-8FB9-433B8FF5A7AB}.Release|Any CPU.ActiveCfg = Release|Any CPU
		{56093067-BF69-43E6-8FB9-433B8FF5A7AB}.Release|Any CPU.Build.0 = Release|Any CPU
	EndGlobalSection
	GlobalSection(NestedProjects) = preSolution
		{D4E51165-B1F1-44E8-8160-7B6F2C7D20E9} = {663279AA-6437-44C9-93B2-549DE261589E}
		{CD64F43F-9ACF-4D8D-A39E-EB5C53E395FC} = {663279AA-6437-44C9-93B2-549DE261589E}
		{59A69524-BAA4-4D6D-9D57-296C4D8E8F6A} = {663279AA-6437-44C9-93B2-549DE261589E}
		{46ED6348-1C65-41CC-AD81-7DEDF36B7E8B} = {663279AA-6437-44C9-93B2-549DE261589E}
		{7AD4BB20-4A35-45B8-BB38-33D4E352F11B} = {663279AA-6437-44C9-93B2-549DE261589E}
		{74444D86-CEAA-4F67-BE09-50AB87721CDB} = {33C7AC3B-1854-43D2-A96B-CFE7BBE10131}
		{33749B73-E8C1-471B-9A6E-0880F69B4F7D} = {95B9C7F7-CF71-43DC-8622-026373C04573}
		{3BBC65DB-87C3-4227-8A4B-1E46A18202AD} = {B980CC2A-99D0-4B64-BF97-184C90542EFC}
		{0D6F4094-1099-4246-8641-0306B156F6E7} = {B980CC2A-99D0-4B64-BF97-184C90542EFC}
		{69DE7D62-4330-4273-BEA4-ADA6E00E8279} = {B980CC2A-99D0-4B64-BF97-184C90542EFC}
		{262E2B22-A898-4F6A-AB94-DB247BEFCC9A} = {B980CC2A-99D0-4B64-BF97-184C90542EFC}
		{EA87AFEA-1F51-44E6-AC7A-DCA53A0D3FEB} = {8B4C8158-A3FC-48C2-9853-160A924B21EC}
		{1816F0D7-8687-4D88-9519-A24E8B195975} = {8B4C8158-A3FC-48C2-9853-160A924B21EC}
		{F88EC800-9FF8-499A-B352-01F65C9A78B1} = {8B4C8158-A3FC-48C2-9853-160A924B21EC}
		{3732E6B3-EAB5-4E26-BE20-8768BEEE8914} = {8C284124-064E-4B54-80F4-B22E8B63F946}
		{6EB01473-7C86-4587-A6A2-AC2149A3CDAB} = {33C7AC3B-1854-43D2-A96B-CFE7BBE10131}
		{47CCD240-3F4B-4908-9873-BFA8C613EC0E} = {6EB01473-7C86-4587-A6A2-AC2149A3CDAB}
		{A8D40B35-D254-4CA4-9869-949FCEEB12DD} = {33C7AC3B-1854-43D2-A96B-CFE7BBE10131}
		{55D3082F-9D27-43B0-A215-EEB2526B4021} = {A8D40B35-D254-4CA4-9869-949FCEEB12DD}
		{2DA4C222-079D-4689-89D2-5E31F29F4B34} = {33C7AC3B-1854-43D2-A96B-CFE7BBE10131}
		{E387459F-672B-4B2C-B4F7-3992EEE95142} = {2DA4C222-079D-4689-89D2-5E31F29F4B34}
		{6BDB23A7-A222-409F-9746-EA4E4BDE5AA8} = {33C7AC3B-1854-43D2-A96B-CFE7BBE10131}
		{56093067-BF69-43E6-8FB9-433B8FF5A7AB} = {6BDB23A7-A222-409F-9746-EA4E4BDE5AA8}
	EndGlobalSection
EndGlobal
